// !$*UTF8*$!
{
	archiveVersion = 1;
	classes = {
	};
	objectVersion = 50;
	objects = {

/* Begin PBXBuildFile section */
		46D1094B23AA024C00075D5C /* AppDelegate.swift in Sources */ = {isa = PBXBuildFile; fileRef = 46D1094A23AA024C00075D5C /* AppDelegate.swift */; };
		46D1094D23AA024C00075D5C /* SceneDelegate.swift in Sources */ = {isa = PBXBuildFile; fileRef = 46D1094C23AA024C00075D5C /* SceneDelegate.swift */; };
		46D1094F23AA024C00075D5C /* ViewController.swift in Sources */ = {isa = PBXBuildFile; fileRef = 46D1094E23AA024C00075D5C /* ViewController.swift */; };
		46D1095223AA024C00075D5C /* Main.storyboard in Resources */ = {isa = PBXBuildFile; fileRef = 46D1095023AA024C00075D5C /* Main.storyboard */; };
		46D1095423AA024E00075D5C /* Assets.xcassets in Resources */ = {isa = PBXBuildFile; fileRef = 46D1095323AA024E00075D5C /* Assets.xcassets */; };
		46D1095723AA024E00075D5C /* LaunchScreen.storyboard in Resources */ = {isa = PBXBuildFile; fileRef = 46D1095523AA024E00075D5C /* LaunchScreen.storyboard */; };
		46D1096223AA024E00075D5C /* Project_SetupTests.swift in Sources */ = {isa = PBXBuildFile; fileRef = 46D1096123AA024E00075D5C /* Project_SetupTests.swift */; };
		46D1096D23AA024E00075D5C /* Project_SetupUITests.swift in Sources */ = {isa = PBXBuildFile; fileRef = 46D1096C23AA024E00075D5C /* Project_SetupUITests.swift */; };
/* End PBXBuildFile section */

/* Begin PBXContainerItemProxy section */
		46D1095E23AA024E00075D5C /* PBXContainerItemProxy */ = {
			isa = PBXContainerItemProxy;
			containerPortal = 46D1093F23AA024C00075D5C /* Project object */;
			proxyType = 1;
			remoteGlobalIDString = 46D1094623AA024C00075D5C;
			remoteInfo = "Project Setup";
		};
		46D1096923AA024E00075D5C /* PBXContainerItemProxy */ = {
			isa = PBXContainerItemProxy;
			containerPortal = 46D1093F23AA024C00075D5C /* Project object */;
			proxyType = 1;
			remoteGlobalIDString = 46D1094623AA024C00075D5C;
			remoteInfo = "Project Setup";
		};
/* End PBXContainerItemProxy section */

/* Begin PBXFileReference section */
		46D1094723AA024C00075D5C /* Project Setup.app */ = {isa = PBXFileReference; explicitFileType = wrapper.application; includeInIndex = 0; path = "Project Setup.app"; sourceTree = BUILT_PRODUCTS_DIR; };
		46D1094A23AA024C00075D5C /* AppDelegate.swift */ = {isa = PBXFileReference; lastKnownFileType = sourcecode.swift; path = AppDelegate.swift; sourceTree = "<group>"; };
		46D1094C23AA024C00075D5C /* SceneDelegate.swift */ = {isa = PBXFileReference; lastKnownFileType = sourcecode.swift; path = SceneDelegate.swift; sourceTree = "<group>"; };
		46D1094E23AA024C00075D5C /* ViewController.swift */ = {isa = PBXFileReference; lastKnownFileType = sourcecode.swift; path = ViewController.swift; sourceTree = "<group>"; };
		46D1095123AA024C00075D5C /* Base */ = {isa = PBXFileReference; lastKnownFileType = file.storyboard; name = Base; path = Base.lproj/Main.storyboard; sourceTree = "<group>"; };
		46D1095323AA024E00075D5C /* Assets.xcassets */ = {isa = PBXFileReference; lastKnownFileType = folder.assetcatalog; path = Assets.xcassets; sourceTree = "<group>"; };
		46D1095623AA024E00075D5C /* Base */ = {isa = PBXFileReference; lastKnownFileType = file.storyboard; name = Base; path = Base.lproj/LaunchScreen.storyboard; sourceTree = "<group>"; };
		46D1095823AA024E00075D5C /* Info.plist */ = {isa = PBXFileReference; lastKnownFileType = text.plist.xml; path = Info.plist; sourceTree = "<group>"; };
		46D1095D23AA024E00075D5C /* Project SetupTests.xctest */ = {isa = PBXFileReference; explicitFileType = wrapper.cfbundle; includeInIndex = 0; path = "Project SetupTests.xctest"; sourceTree = BUILT_PRODUCTS_DIR; };
		46D1096123AA024E00075D5C /* Project_SetupTests.swift */ = {isa = PBXFileReference; lastKnownFileType = sourcecode.swift; path = Project_SetupTests.swift; sourceTree = "<group>"; };
		46D1096323AA024E00075D5C /* Info.plist */ = {isa = PBXFileReference; lastKnownFileType = text.plist.xml; path = Info.plist; sourceTree = "<group>"; };
		46D1096823AA024E00075D5C /* Project SetupUITests.xctest */ = {isa = PBXFileReference; explicitFileType = wrapper.cfbundle; includeInIndex = 0; path = "Project SetupUITests.xctest"; sourceTree = BUILT_PRODUCTS_DIR; };
		46D1096C23AA024E00075D5C /* Project_SetupUITests.swift */ = {isa = PBXFileReference; lastKnownFileType = sourcecode.swift; path = Project_SetupUITests.swift; sourceTree = "<group>"; };
		46D1096E23AA024E00075D5C /* Info.plist */ = {isa = PBXFileReference; lastKnownFileType = text.plist.xml; path = Info.plist; sourceTree = "<group>"; };
/* End PBXFileReference section */

/* Begin PBXFrameworksBuildPhase section */
		46D1094423AA024C00075D5C /* Frameworks */ = {
			isa = PBXFrameworksBuildPhase;
			buildActionMask = 2147483647;
			files = (
			);
			runOnlyForDeploymentPostprocessing = 0;
		};
		46D1095A23AA024E00075D5C /* Frameworks */ = {
			isa = PBXFrameworksBuildPhase;
			buildActionMask = 2147483647;
			files = (
			);
			runOnlyForDeploymentPostprocessing = 0;
		};
		46D1096523AA024E00075D5C /* Frameworks */ = {
			isa = PBXFrameworksBuildPhase;
			buildActionMask = 2147483647;
			files = (
			);
			runOnlyForDeploymentPostprocessing = 0;
		};
/* End PBXFrameworksBuildPhase section */

/* Begin PBXGroup section */
		46D1093E23AA024C00075D5C = {
			isa = PBXGroup;
			children = (
				46D1094923AA024C00075D5C /* Project Setup */,
				46D1096023AA024E00075D5C /* Project SetupTests */,
				46D1096B23AA024E00075D5C /* Project SetupUITests */,
				46D1094823AA024C00075D5C /* Products */,
			);
			sourceTree = "<group>";
		};
		46D1094823AA024C00075D5C /* Products */ = {
			isa = PBXGroup;
			children = (
				46D1094723AA024C00075D5C /* Project Setup.app */,
				46D1095D23AA024E00075D5C /* Project SetupTests.xctest */,
				46D1096823AA024E00075D5C /* Project SetupUITests.xctest */,
			);
			name = Products;
			sourceTree = "<group>";
		};
		46D1094923AA024C00075D5C /* Project Setup */ = {
			isa = PBXGroup;
			children = (
				46D1094A23AA024C00075D5C /* AppDelegate.swift */,
				46D1094C23AA024C00075D5C /* SceneDelegate.swift */,
				46D1094E23AA024C00075D5C /* ViewController.swift */,
				46D1095023AA024C00075D5C /* Main.storyboard */,
				46D1095323AA024E00075D5C /* Assets.xcassets */,
				46D1095523AA024E00075D5C /* LaunchScreen.storyboard */,
				46D1095823AA024E00075D5C /* Info.plist */,
			);
			path = "Project Setup";
			sourceTree = "<group>";
		};
		46D1096023AA024E00075D5C /* Project SetupTests */ = {
			isa = PBXGroup;
			children = (
				46D1096123AA024E00075D5C /* Project_SetupTests.swift */,
				46D1096323AA024E00075D5C /* Info.plist */,
			);
			path = "Project SetupTests";
			sourceTree = "<group>";
		};
		46D1096B23AA024E00075D5C /* Project SetupUITests */ = {
			isa = PBXGroup;
			children = (
				46D1096C23AA024E00075D5C /* Project_SetupUITests.swift */,
				46D1096E23AA024E00075D5C /* Info.plist */,
			);
			path = "Project SetupUITests";
			sourceTree = "<group>";
		};
/* End PBXGroup section */

/* Begin PBXNativeTarget section */
		46D1094623AA024C00075D5C /* Project Setup */ = {
			isa = PBXNativeTarget;
			buildConfigurationList = 46D1097123AA024E00075D5C /* Build configuration list for PBXNativeTarget "Project Setup" */;
			buildPhases = (
				46D1094323AA024C00075D5C /* Sources */,
				46D1094423AA024C00075D5C /* Frameworks */,
				46D1094523AA024C00075D5C /* Resources */,
				46D1097A23AA04E200075D5C /* ShellScript */,
			);
			buildRules = (
			);
			dependencies = (
			);
			name = "Project Setup";
			productName = "Project Setup";
			productReference = 46D1094723AA024C00075D5C /* Project Setup.app */;
			productType = "com.apple.product-type.application";
		};
		46D1095C23AA024E00075D5C /* Project SetupTests */ = {
			isa = PBXNativeTarget;
			buildConfigurationList = 46D1097423AA024E00075D5C /* Build configuration list for PBXNativeTarget "Project SetupTests" */;
			buildPhases = (
				46D1095923AA024E00075D5C /* Sources */,
				46D1095A23AA024E00075D5C /* Frameworks */,
				46D1095B23AA024E00075D5C /* Resources */,
			);
			buildRules = (
			);
			dependencies = (
				46D1095F23AA024E00075D5C /* PBXTargetDependency */,
			);
			name = "Project SetupTests";
			productName = "Project SetupTests";
			productReference = 46D1095D23AA024E00075D5C /* Project SetupTests.xctest */;
			productType = "com.apple.product-type.bundle.unit-test";
		};
		46D1096723AA024E00075D5C /* Project SetupUITests */ = {
			isa = PBXNativeTarget;
			buildConfigurationList = 46D1097723AA024E00075D5C /* Build configuration list for PBXNativeTarget "Project SetupUITests" */;
			buildPhases = (
				46D1096423AA024E00075D5C /* Sources */,
				46D1096523AA024E00075D5C /* Frameworks */,
				46D1096623AA024E00075D5C /* Resources */,
			);
			buildRules = (
			);
			dependencies = (
				46D1096A23AA024E00075D5C /* PBXTargetDependency */,
			);
			name = "Project SetupUITests";
			productName = "Project SetupUITests";
			productReference = 46D1096823AA024E00075D5C /* Project SetupUITests.xctest */;
			productType = "com.apple.product-type.bundle.ui-testing";
		};
/* End PBXNativeTarget section */

/* Begin PBXProject section */
		46D1093F23AA024C00075D5C /* Project object */ = {
			isa = PBXProject;
			attributes = {
				LastSwiftUpdateCheck = 1130;
				LastUpgradeCheck = 1130;
				ORGANIZATIONNAME = "Dimitar Stefanovski";
				TargetAttributes = {
					46D1094623AA024C00075D5C = {
						CreatedOnToolsVersion = 11.3;
					};
					46D1095C23AA024E00075D5C = {
						CreatedOnToolsVersion = 11.3;
						TestTargetID = 46D1094623AA024C00075D5C;
					};
					46D1096723AA024E00075D5C = {
						CreatedOnToolsVersion = 11.3;
						TestTargetID = 46D1094623AA024C00075D5C;
					};
				};
			};
			buildConfigurationList = 46D1094223AA024C00075D5C /* Build configuration list for PBXProject "Project Setup" */;
			compatibilityVersion = "Xcode 9.3";
			developmentRegion = en;
			hasScannedForEncodings = 0;
			knownRegions = (
				en,
				Base,
			);
			mainGroup = 46D1093E23AA024C00075D5C;
			productRefGroup = 46D1094823AA024C00075D5C /* Products */;
			projectDirPath = "";
			projectRoot = "";
			targets = (
				46D1094623AA024C00075D5C /* Project Setup */,
				46D1095C23AA024E00075D5C /* Project SetupTests */,
				46D1096723AA024E00075D5C /* Project SetupUITests */,
			);
		};
/* End PBXProject section */

/* Begin PBXResourcesBuildPhase section */
		46D1094523AA024C00075D5C /* Resources */ = {
			isa = PBXResourcesBuildPhase;
			buildActionMask = 2147483647;
			files = (
				46D1095723AA024E00075D5C /* LaunchScreen.storyboard in Resources */,
				46D1095423AA024E00075D5C /* Assets.xcassets in Resources */,
				46D1095223AA024C00075D5C /* Main.storyboard in Resources */,
			);
			runOnlyForDeploymentPostprocessing = 0;
		};
		46D1095B23AA024E00075D5C /* Resources */ = {
			isa = PBXResourcesBuildPhase;
			buildActionMask = 2147483647;
			files = (
			);
			runOnlyForDeploymentPostprocessing = 0;
		};
		46D1096623AA024E00075D5C /* Resources */ = {
			isa = PBXResourcesBuildPhase;
			buildActionMask = 2147483647;
			files = (
			);
			runOnlyForDeploymentPostprocessing = 0;
		};
/* End PBXResourcesBuildPhase section */

/* Begin PBXShellScriptBuildPhase section */
		46D1097A23AA04E200075D5C /* ShellScript */ = {
			isa = PBXShellScriptBuildPhase;
			buildActionMask = 2147483647;
			files = (
			);
			inputFileListPaths = (
			);
			inputPaths = (
			);
			outputFileListPaths = (
			);
			outputPaths = (
			);
			runOnlyForDeploymentPostprocessing = 0;
			shellPath = /bin/sh;
			shellScript = "if which swiftlint >/dev/null; then\n  swiftlint\nelse\n  echo \"warning: SwiftLint not installed, download from https://github.com/realm/SwiftLint\"\nfi\n";
		};
/* End PBXShellScriptBuildPhase section */

/* Begin PBXSourcesBuildPhase section */
		46D1094323AA024C00075D5C /* Sources */ = {
			isa = PBXSourcesBuildPhase;
			buildActionMask = 2147483647;
			files = (
				46D1094F23AA024C00075D5C /* ViewController.swift in Sources */,
				46D1094B23AA024C00075D5C /* AppDelegate.swift in Sources */,
				46D1094D23AA024C00075D5C /* SceneDelegate.swift in Sources */,
			);
			runOnlyForDeploymentPostprocessing = 0;
		};
		46D1095923AA024E00075D5C /* Sources */ = {
			isa = PBXSourcesBuildPhase;
			buildActionMask = 2147483647;
			files = (
				46D1096223AA024E00075D5C /* Project_SetupTests.swift in Sources */,
			);
			runOnlyForDeploymentPostprocessing = 0;
		};
		46D1096423AA024E00075D5C /* Sources */ = {
			isa = PBXSourcesBuildPhase;
			buildActionMask = 2147483647;
			files = (
				46D1096D23AA024E00075D5C /* Project_SetupUITests.swift in Sources */,
			);
			runOnlyForDeploymentPostprocessing = 0;
		};
/* End PBXSourcesBuildPhase section */

/* Begin PBXTargetDependency section */
		46D1095F23AA024E00075D5C /* PBXTargetDependency */ = {
			isa = PBXTargetDependency;
			target = 46D1094623AA024C00075D5C /* Project Setup */;
			targetProxy = 46D1095E23AA024E00075D5C /* PBXContainerItemProxy */;
		};
		46D1096A23AA024E00075D5C /* PBXTargetDependency */ = {
			isa = PBXTargetDependency;
			target = 46D1094623AA024C00075D5C /* Project Setup */;
			targetProxy = 46D1096923AA024E00075D5C /* PBXContainerItemProxy */;
		};
/* End PBXTargetDependency section */

/* Begin PBXVariantGroup section */
		46D1095023AA024C00075D5C /* Main.storyboard */ = {
			isa = PBXVariantGroup;
			children = (
				46D1095123AA024C00075D5C /* Base */,
			);
			name = Main.storyboard;
			sourceTree = "<group>";
		};
		46D1095523AA024E00075D5C /* LaunchScreen.storyboard */ = {
			isa = PBXVariantGroup;
			children = (
				46D1095623AA024E00075D5C /* Base */,
			);
			name = LaunchScreen.storyboard;
			sourceTree = "<group>";
		};
/* End PBXVariantGroup section */

/* Begin XCBuildConfiguration section */
		46D1096F23AA024E00075D5C /* Debug */ = {
			isa = XCBuildConfiguration;
			buildSettings = {
				ALWAYS_SEARCH_USER_PATHS = NO;
				CLANG_ANALYZER_NONNULL = YES;
				CLANG_ANALYZER_NUMBER_OBJECT_CONVERSION = YES_AGGRESSIVE;
				CLANG_CXX_LANGUAGE_STANDARD = "gnu++14";
				CLANG_CXX_LIBRARY = "libc++";
				CLANG_ENABLE_MODULES = YES;
				CLANG_ENABLE_OBJC_ARC = YES;
				CLANG_ENABLE_OBJC_WEAK = YES;
				CLANG_WARN_BLOCK_CAPTURE_AUTORELEASING = YES;
				CLANG_WARN_BOOL_CONVERSION = YES;
				CLANG_WARN_COMMA = YES;
				CLANG_WARN_CONSTANT_CONVERSION = YES;
				CLANG_WARN_DEPRECATED_OBJC_IMPLEMENTATIONS = YES;
				CLANG_WARN_DIRECT_OBJC_ISA_USAGE = YES_ERROR;
				CLANG_WARN_DOCUMENTATION_COMMENTS = YES;
				CLANG_WARN_EMPTY_BODY = YES;
				CLANG_WARN_ENUM_CONVERSION = YES;
				CLANG_WARN_INFINITE_RECURSION = YES;
				CLANG_WARN_INT_CONVERSION = YES;
				CLANG_WARN_NON_LITERAL_NULL_CONVERSION = YES;
				CLANG_WARN_OBJC_IMPLICIT_RETAIN_SELF = YES;
				CLANG_WARN_OBJC_LITERAL_CONVERSION = YES;
				CLANG_WARN_OBJC_ROOT_CLASS = YES_ERROR;
				CLANG_WARN_RANGE_LOOP_ANALYSIS = YES;
				CLANG_WARN_STRICT_PROTOTYPES = YES;
				CLANG_WARN_SUSPICIOUS_MOVE = YES;
				CLANG_WARN_UNGUARDED_AVAILABILITY = YES_AGGRESSIVE;
				CLANG_WARN_UNREACHABLE_CODE = YES;
				CLANG_WARN__DUPLICATE_METHOD_MATCH = YES;
				COPY_PHASE_STRIP = NO;
				DEBUG_INFORMATION_FORMAT = dwarf;
				ENABLE_STRICT_OBJC_MSGSEND = YES;
				ENABLE_TESTABILITY = YES;
				GCC_C_LANGUAGE_STANDARD = gnu11;
				GCC_DYNAMIC_NO_PIC = NO;
				GCC_NO_COMMON_BLOCKS = YES;
				GCC_OPTIMIZATION_LEVEL = 0;
				GCC_PREPROCESSOR_DEFINITIONS = (
					"DEBUG=1",
					"$(inherited)",
				);
				GCC_WARN_64_TO_32_BIT_CONVERSION = YES;
				GCC_WARN_ABOUT_RETURN_TYPE = YES_ERROR;
				GCC_WARN_UNDECLARED_SELECTOR = YES;
				GCC_WARN_UNINITIALIZED_AUTOS = YES_AGGRESSIVE;
				GCC_WARN_UNUSED_FUNCTION = YES;
				GCC_WARN_UNUSED_VARIABLE = YES;
				IPHONEOS_DEPLOYMENT_TARGET = 13.2;
				MTL_ENABLE_DEBUG_INFO = INCLUDE_SOURCE;
				MTL_FAST_MATH = YES;
				ONLY_ACTIVE_ARCH = YES;
				SDKROOT = iphoneos;
				SWIFT_ACTIVE_COMPILATION_CONDITIONS = DEBUG;
				SWIFT_OPTIMIZATION_LEVEL = "-Onone";
			};
			name = Debug;
		};
		46D1097023AA024E00075D5C /* Release */ = {
			isa = XCBuildConfiguration;
			buildSettings = {
				ALWAYS_SEARCH_USER_PATHS = NO;
				CLANG_ANALYZER_NONNULL = YES;
				CLANG_ANALYZER_NUMBER_OBJECT_CONVERSION = YES_AGGRESSIVE;
				CLANG_CXX_LANGUAGE_STANDARD = "gnu++14";
				CLANG_CXX_LIBRARY = "libc++";
				CLANG_ENABLE_MODULES = YES;
				CLANG_ENABLE_OBJC_ARC = YES;
				CLANG_ENABLE_OBJC_WEAK = YES;
				CLANG_WARN_BLOCK_CAPTURE_AUTORELEASING = YES;
				CLANG_WARN_BOOL_CONVERSION = YES;
				CLANG_WARN_COMMA = YES;
				CLANG_WARN_CONSTANT_CONVERSION = YES;
				CLANG_WARN_DEPRECATED_OBJC_IMPLEMENTATIONS = YES;
				CLANG_WARN_DIRECT_OBJC_ISA_USAGE = YES_ERROR;
				CLANG_WARN_DOCUMENTATION_COMMENTS = YES;
				CLANG_WARN_EMPTY_BODY = YES;
				CLANG_WARN_ENUM_CONVERSION = YES;
				CLANG_WARN_INFINITE_RECURSION = YES;
				CLANG_WARN_INT_CONVERSION = YES;
				CLANG_WARN_NON_LITERAL_NULL_CONVERSION = YES;
				CLANG_WARN_OBJC_IMPLICIT_RETAIN_SELF = YES;
				CLANG_WARN_OBJC_LITERAL_CONVERSION = YES;
				CLANG_WARN_OBJC_ROOT_CLASS = YES_ERROR;
				CLANG_WARN_RANGE_LOOP_ANALYSIS = YES;
				CLANG_WARN_STRICT_PROTOTYPES = YES;
				CLANG_WARN_SUSPICIOUS_MOVE = YES;
				CLANG_WARN_UNGUARDED_AVAILABILITY = YES_AGGRESSIVE;
				CLANG_WARN_UNREACHABLE_CODE = YES;
				CLANG_WARN__DUPLICATE_METHOD_MATCH = YES;
				COPY_PHASE_STRIP = NO;
				DEBUG_INFORMATION_FORMAT = "dwarf-with-dsym";
				ENABLE_NS_ASSERTIONS = NO;
				ENABLE_STRICT_OBJC_MSGSEND = YES;
				GCC_C_LANGUAGE_STANDARD = gnu11;
				GCC_NO_COMMON_BLOCKS = YES;
				GCC_WARN_64_TO_32_BIT_CONVERSION = YES;
				GCC_WARN_ABOUT_RETURN_TYPE = YES_ERROR;
				GCC_WARN_UNDECLARED_SELECTOR = YES;
				GCC_WARN_UNINITIALIZED_AUTOS = YES_AGGRESSIVE;
				GCC_WARN_UNUSED_FUNCTION = YES;
				GCC_WARN_UNUSED_VARIABLE = YES;
				IPHONEOS_DEPLOYMENT_TARGET = 13.2;
				MTL_ENABLE_DEBUG_INFO = NO;
				MTL_FAST_MATH = YES;
				SDKROOT = iphoneos;
				SWIFT_COMPILATION_MODE = wholemodule;
				SWIFT_OPTIMIZATION_LEVEL = "-O";
				VALIDATE_PRODUCT = YES;
			};
			name = Release;
		};
		46D1097223AA024E00075D5C /* Debug */ = {
			isa = XCBuildConfiguration;
			buildSettings = {
				ASSETCATALOG_COMPILER_APPICON_NAME = AppIcon;
				CODE_SIGN_STYLE = Automatic;
				DEVELOPMENT_TEAM = Q3XKCXZU4K;
				INFOPLIST_FILE = "Project Setup/Info.plist";
				LD_RUNPATH_SEARCH_PATHS = (
					"$(inherited)",
					"@executable_path/Frameworks",
				);
				PRODUCT_BUNDLE_IDENTIFIER = "co.stefanovski.Project-Setup";
				PRODUCT_NAME = "$(TARGET_NAME)";
				SWIFT_VERSION = 5.0;
				TARGETED_DEVICE_FAMILY = "1,2";
			};
			name = Debug;
		};
		46D1097323AA024E00075D5C /* Release */ = {
			isa = XCBuildConfiguration;
			buildSettings = {
				ASSETCATALOG_COMPILER_APPICON_NAME = AppIcon;
				CODE_SIGN_STYLE = Automatic;
				DEVELOPMENT_TEAM = Q3XKCXZU4K;
				INFOPLIST_FILE = "Project Setup/Info.plist";
				LD_RUNPATH_SEARCH_PATHS = (
					"$(inherited)",
					"@executable_path/Frameworks",
				);
				PRODUCT_BUNDLE_IDENTIFIER = "co.stefanovski.Project-Setup";
				PRODUCT_NAME = "$(TARGET_NAME)";
				SWIFT_VERSION = 5.0;
				TARGETED_DEVICE_FAMILY = "1,2";
			};
			name = Release;
		};
		46D1097523AA024E00075D5C /* Debug */ = {
			isa = XCBuildConfiguration;
			buildSettings = {
				ALWAYS_EMBED_SWIFT_STANDARD_LIBRARIES = YES;
				BUNDLE_LOADER = "$(TEST_HOST)";
				CODE_SIGN_STYLE = Automatic;
				DEVELOPMENT_TEAM = Q3XKCXZU4K;
				INFOPLIST_FILE = "Project SetupTests/Info.plist";
				IPHONEOS_DEPLOYMENT_TARGET = 13.2;
				LD_RUNPATH_SEARCH_PATHS = (
					"$(inherited)",
					"@executable_path/Frameworks",
					"@loader_path/Frameworks",
				);
				PRODUCT_BUNDLE_IDENTIFIER = "co.stefanovski.Project-SetupTests";
				PRODUCT_NAME = "$(TARGET_NAME)";
				SWIFT_VERSION = 5.0;
				TARGETED_DEVICE_FAMILY = "1,2";
				TEST_HOST = "$(BUILT_PRODUCTS_DIR)/Project Setup.app/Project Setup";
			};
			name = Debug;
		};
		46D1097623AA024E00075D5C /* Release */ = {
			isa = XCBuildConfiguration;
			buildSettings = {
				ALWAYS_EMBED_SWIFT_STANDARD_LIBRARIES = YES;
				BUNDLE_LOADER = "$(TEST_HOST)";
				CODE_SIGN_STYLE = Automatic;
				DEVELOPMENT_TEAM = Q3XKCXZU4K;
				INFOPLIST_FILE = "Project SetupTests/Info.plist";
				IPHONEOS_DEPLOYMENT_TARGET = 13.2;
				LD_RUNPATH_SEARCH_PATHS = (
					"$(inherited)",
					"@executable_path/Frameworks",
					"@loader_path/Frameworks",
				);
				PRODUCT_BUNDLE_IDENTIFIER = "co.stefanovski.Project-SetupTests";
				PRODUCT_NAME = "$(TARGET_NAME)";
				SWIFT_VERSION = 5.0;
				TARGETED_DEVICE_FAMILY = "1,2";
				TEST_HOST = "$(BUILT_PRODUCTS_DIR)/Project Setup.app/Project Setup";
			};
			name = Release;
		};
		46D1097823AA024E00075D5C /* Debug */ = {
			isa = XCBuildConfiguration;
			buildSettings = {
				ALWAYS_EMBED_SWIFT_STANDARD_LIBRARIES = YES;
				CODE_SIGN_STYLE = Automatic;
				DEVELOPMENT_TEAM = Q3XKCXZU4K;
				INFOPLIST_FILE = "Project SetupUITests/Info.plist";
				LD_RUNPATH_SEARCH_PATHS = (
					"$(inherited)",
					"@executable_path/Frameworks",
					"@loader_path/Frameworks",
				);
				PRODUCT_BUNDLE_IDENTIFIER = "co.stefanovski.Project-SetupUITests";
				PRODUCT_NAME = "$(TARGET_NAME)";
				SWIFT_VERSION = 5.0;
				TARGETED_DEVICE_FAMILY = "1,2";
				TEST_TARGET_NAME = "Project Setup";
			};
			name = Debug;
		};
		46D1097923AA024E00075D5C /* Release */ = {
			isa = XCBuildConfiguration;
			buildSettings = {
				ALWAYS_EMBED_SWIFT_STANDARD_LIBRARIES = YES;
				CODE_SIGN_STYLE = Automatic;
				DEVELOPMENT_TEAM = Q3XKCXZU4K;
				INFOPLIST_FILE = "Project SetupUITests/Info.plist";
				LD_RUNPATH_SEARCH_PATHS = (
					"$(inherited)",
					"@executable_path/Frameworks",
					"@loader_path/Frameworks",
				);
				PRODUCT_BUNDLE_IDENTIFIER = "co.stefanovski.Project-SetupUITests";
				PRODUCT_NAME = "$(TARGET_NAME)";
				SWIFT_VERSION = 5.0;
				TARGETED_DEVICE_FAMILY = "1,2";
				TEST_TARGET_NAME = "Project Setup";
			};
			name = Release;
		};
/* End XCBuildConfiguration section */

/* Begin XCConfigurationList section */
		46D1094223AA024C00075D5C /* Build configuration list for PBXProject "Project Setup" */ = {
			isa = XCConfigurationList;
			buildConfigurations = (
				46D1096F23AA024E00075D5C /* Debug */,
				46D1097023AA024E00075D5C /* Release */,
			);
			defaultConfigurationIsVisible = 0;
			defaultConfigurationName = Release;
		};
		46D1097123AA024E00075D5C /* Build configuration list for PBXNativeTarget "Project Setup" */ = {
			isa = XCConfigurationList;
			buildConfigurations = (
				46D1097223AA024E00075D5C /* Debug */,
				46D1097323AA024E00075D5C /* Release */,
			);
			defaultConfigurationIsVisible = 0;
			defaultConfigurationName = Release;
		};
		46D1097423AA024E00075D5C /* Build configuration list for PBXNativeTarget "Project SetupTests" */ = {
			isa = XCConfigurationList;
			buildConfigurations = (
				46D1097523AA024E00075D5C /* Debug */,
				46D1097623AA024E00075D5C /* Release */,
			);
			defaultConfigurationIsVisible = 0;
			defaultConfigurationName = Release;
		};
		46D1097723AA024E00075D5C /* Build configuration list for PBXNativeTarget "Project SetupUITests" */ = {
			isa = XCConfigurationList;
			buildConfigurations = (
				46D1097823AA024E00075D5C /* Debug */,
				46D1097923AA024E00075D5C /* Release */,
			);
			defaultConfigurationIsVisible = 0;
			defaultConfigurationName = Release;
		};
/* End XCConfigurationList section */
	};
	rootObject = 46D1093F23AA024C00075D5C /* Project object */;
}
